
Microsoft Visual Studio Solution File, Format Version 12.00
# Visual Studio 15
VisualStudioVersion = 15.0.28307.572
MinimumVisualStudioVersion = 10.0.40219.1
Project("{FAE04EC0-301F-11D3-BF4B-00C04F79EFBC}") = "Task1", "Task1\Task1.csproj", "{E62744AC-380E-4790-891B-6436B86A2E6B}"
EndProject
Global
	GlobalSection(SolutionConfigurationPlatforms) = preSolution
		Debug|Any CPU = Debug|Any CPU
		Release|Any CPU = Release|Any CPU
	EndGlobalSection
	GlobalSection(ProjectConfigurationPlatforms) = postSolution
		{E62744AC-380E-4790-891B-6436B86A2E6B}.Debug|Any CPU.ActiveCfg = Debug|Any CPU
		{E62744AC-380E-4790-891B-6436B86A2E6B}.Debug|Any CPU.Build.0 = Debug|Any CPU
		{E62744AC-380E-4790-891B-6436B86A2E6B}.Release|Any CPU.ActiveCfg = Release|Any CPU
		{E62744AC-380E-4790-891B-6436B86A2E6B}.Release|Any CPU.Build.0 = Release|Any CPU
	EndGlobalSection
	GlobalSection(SolutionProperties) = preSolution
		HideSolutionNode = FALSE
	EndGlobalSection
	GlobalSection(ExtensibilityGlobals) = postSolution
		SolutionGuid = {A4DEF06B-0DE7-4D51-B756-62363BFC3C08}
	EndGlobalSection
EndGlobal
